{
  "lockfileVersion": 1,
  "configVersion": 1,
  "workspaces": {
    "": {
      "name": "mitsume-sync",
      "dependencies": {
        "@hocuspocus/extension-database": "^4.3.0",
        "@hocuspocus/server": "^4.3.0",
      },
      "devDependencies": {
        "@hocuspocus/provider": "^4.3.0",
        "yjs": "^13.6.31",
      },
    },
  },
  "packages": {
    "@hocuspocus/common": ["@hocuspocus/common@4.3.0", "", { "dependencies": { "lib0": "^0.2.87" } }, "sha512-8USsMvso01aMKOSSyvb8oTAlfES/nBM+Y74XjW5Fy5ovmOaVpoRRBrktIrEVwydrp8Cr6C66ivc0orcW/3P+Kg=="],

    "@hocuspocus/extension-database": ["@hocuspocus/extension-database@4.3.0", "", { "dependencies": { "@hocuspocus/server": "^4.3.0" }, "peerDependencies": { "yjs": "^13.6.8" } }, "sha512-iiFU2l+/lxXVREXS9VUMDJQCOzM3LWOlFs0ezNkFIrXUf7u4LyagCR5v5y8zoBxMGNE5NwzMkP4xBiDX/Tc90A=="],

    "@hocuspocus/provider": ["@hocuspocus/provider@4.3.0", "", { "dependencies": { "@hocuspocus/common": "^4.3.0", "@lifeomic/attempt": "^3.0.2", "lib0": "^0.2.87" }, "peerDependencies": { "y-protocols": "^1.0.6", "yjs": "^13.6.8" } }, "sha512-eS5dECLnJDgELI2AfZNvr5jS0B6IWFoo7eAUgwwOzy1bf7KdPagXAYCtSWqSXmLMwjABlubZJQg8FVrTefU0cA=="],

    "@hocuspocus/server": ["@hocuspocus/server@4.3.0", "", { "dependencies": { "@hocuspocus/common": "^4.3.0", "async-mutex": "^0.5.0", "crossws": "^0.4.4", "kleur": "^4.1.4", "lib0": "^0.2.47" }, "peerDependencies": { "y-protocols": "^1.0.6", "yjs": "^13.6.8" } }, "sha512-GX9ohUJAr6aIa2ewS0EPeyf3w12wLCBBSGfc76ZMOuZJZPUzDH6BJWFjkVlaVW3OmwZ5+jxdXXFUf6sAi4EIrg=="],

    "@lifeomic/attempt": ["@lifeomic/attempt@3.1.0", "", {}, "sha512-QZqem4QuAnAyzfz+Gj5/+SLxqwCAw2qmt7732ZXodr6VDWGeYLG6w1i/vYLa55JQM9wRuBKLmXmiZ2P0LtE5rw=="],

    "async-mutex": ["async-mutex@0.5.0", "", { "dependencies": { "tslib": "^2.4.0" } }, "sha512-1A94B18jkJ3DYq284ohPxoXbfTA5HsQ7/Mf4DEhcyLx3Bz27Rh59iScbB6EPiP+B+joue6YCxcMXSbFC1tZKwA=="],

    "crossws": ["crossws@0.4.9", "", { "peerDependencies": { "srvx": ">=0.11.5" }, "optionalPeers": ["srvx"] }, "sha512-iWx+1OMSG2aOHpjyf9AESOzkwsVdS49cXM9dVrI2PDhxU5l2RIWE/KG56gk4BbAnsMoycvniJ9OnOxO9LRzHVA=="],

    "isomorphic.js": ["isomorphic.js@0.2.5", "", {}, "sha512-PIeMbHqMt4DnUP3MA/Flc0HElYjMXArsw1qwJZcm9sqR8mq3l8NYizFMty0pWwE/tzIGH3EKK5+jes5mAr85yw=="],

    "kleur": ["kleur@4.1.5", "", {}, "sha512-o+NO+8WrRiQEE4/7nwRJhN1HWpVmJm511pBHUxPLtp0BUISzlBplORYSmTclCnJvQq2tKu/sgl3xVpkc7ZWuQQ=="],

    "lib0": ["lib0@0.2.117", "", { "dependencies": { "isomorphic.js": "^0.2.4" }, "bin": { "0serve": "bin/0serve.js", "0gentesthtml": "bin/gentesthtml.js", "0ecdsa-generate-keypair": "bin/0ecdsa-generate-keypair.js" } }, "sha512-DeXj9X5xDCjgKLU/7RR+/HQEVzuuEUiwldwOGsHK/sfAfELGWEyTcf0x+uOvCvK3O2zPmZePXWL85vtia6GyZw=="],

    "tslib": ["tslib@2.8.1", "", {}, "sha512-oJFu94HQb+KVduSUQL7wnpmqnfmLsOA/nAh6b6EH0wCEoK0/mPeXU6c3wKDV83MkOuHPRHtSXKKU99IBazS/2w=="],

    "y-protocols": ["y-protocols@1.0.7", "", { "dependencies": { "lib0": "^0.2.85" }, "peerDependencies": { "yjs": "^13.0.0" } }, "sha512-YSVsLoXxO67J6eE/nV4AtFtT3QEotZf5sK5BHxFBXso7VDUT3Tx07IfA6hsu5Q5OmBdMkQVmFZ9QOA7fikWvnw=="],

    "yjs": ["yjs@13.6.31", "", { "dependencies": { "lib0": "^0.2.99" } }, "sha512-Eq+5BRfbeGyqGVrTJL3bEcr8gKkxPuyuoHmAwpk52fDb8kOVMrfVSTRPd6yiGgX5Fskb96qCRjzjbRjrL4YEnw=="],
  }
}
